<?xml version="1.0" encoding="UTF-8" standalone="yes" ?>
<CodeBlocks_project_file>
	<FileVersion major="1" minor="6" />
	<Project>
		<Option title="piTux" />
		<Option pch_mode="2" />
		<Option compiler="gcc" />
		<Build>
			<Target title="Debug">
				<Option output="bin/Debug/piTux" prefix_auto="1" extension_auto="1" />
				<Option object_output="obj/Debug/" />
				<Option type="1" />
				<Option compiler="gcc" />
				<Compiler>
					<Add option="-g" />
					<Add directory="include" />
					<Add directory="bin" />
					<Add directory="lib" />
				</Compiler>
				<ResourceCompiler>
					<Add directory="lib" />
					<Add directory="bin" />
					<Add directory="include" />
				</ResourceCompiler>
				<Linker>
					<Add library="libmingw32.a" />
					<Add library="libSDL2main.a" />
					<Add library="libSDL2.a" />
					<Add library="libSDL2.dll.a" />
					<Add library="libSDL2_ttf.a" />
					<Add library="libSDL2_image.a" />
					<Add library="libSDL2_mixer.a" />
					<Add library="libSDL2_mixer.dll.a" />
					<Add directory="include" />
					<Add directory="lib" />
					<Add directory="bin" />
				</Linker>
			</Target>
			<Target title="Release">
				<Option output="bin/Release/piTux" prefix_auto="1" extension_auto="1" />
				<Option object_output="obj/Release/" />
				<Option type="1" />
				<Option compiler="gcc" />
				<Compiler>
					<Add option="-O2" />
				</Compiler>
				<Linker>
					<Add option="-s" />
				</Linker>
			</Target>
		</Build>
		<Compiler>
			<Add option="-Wall" />
		</Compiler>
		<Unit filename="src/controller/colliderManager.c">
			<Option compilerVar="CC" />
		</Unit>
		<Unit filename="src/controller/colliderManager.h" />
		<Unit filename="src/controller/enemyBehaviour.c">
			<Option compilerVar="CC" />
		</Unit>
		<Unit filename="src/controller/enemyBehaviour.h" />
		<Unit filename="src/controller/gameManager.c">
			<Option compilerVar="CC" />
		</Unit>
		<Unit filename="src/controller/gameManager.h" />
		<Unit filename="src/controller/gui_manager.c">
			<Option compilerVar="CC" />
		</Unit>
		<Unit filename="src/controller/gui_manager.h" />
		<Unit filename="src/controller/herosManager.c">
			<Option compilerVar="CC" />
		</Unit>
		<Unit filename="src/controller/herosManager.h" />
		<Unit filename="src/controller/levelIconManager.c">
			<Option compilerVar="CC" />
		</Unit>
		<Unit filename="src/controller/levelIconManager.h" />
		<Unit filename="src/controller/levelManager.c">
			<Option compilerVar="CC" />
		</Unit>
		<Unit filename="src/controller/levelManager.h" />
		<Unit filename="src/controller/musicManager.c">
			<Option compilerVar="CC" />
		</Unit>
		<Unit filename="src/controller/musicManager.h" />
		<Unit filename="src/controller/translationManager.c">
			<Option compilerVar="CC" />
		</Unit>
		<Unit filename="src/controller/translationManager.h" />
		<Unit filename="src/global.h" />
		<Unit filename="src/main.c">
			<Option compilerVar="CC" />
		</Unit>
		<Unit filename="src/model/block.c">
			<Option compilerVar="CC" />
		</Unit>
		<Unit filename="src/model/block.h" />
		<Unit filename="src/model/blockInstance.c">
			<Option compilerVar="CC" />
		</Unit>
		<Unit filename="src/model/blockInstance.h" />
		<Unit filename="src/model/bonus.c">
			<Option compilerVar="CC" />
		</Unit>
		<Unit filename="src/model/bonus.h" />
		<Unit filename="src/model/bonusInstance.c">
			<Option compilerVar="CC" />
		</Unit>
		<Unit filename="src/model/bonusInstance.h" />
		<Unit filename="src/model/button.c">
			<Option compilerVar="CC" />
		</Unit>
		<Unit filename="src/model/button.h" />
		<Unit filename="src/model/collider.c">
			<Option compilerVar="CC" />
		</Unit>
		<Unit filename="src/model/collider.h" />
		<Unit filename="src/model/collision.c">
			<Option compilerVar="CC" />
		</Unit>
		<Unit filename="src/model/collision.h" />
		<Unit filename="src/model/enemy.c">
			<Option compilerVar="CC" />
		</Unit>
		<Unit filename="src/model/enemy.h" />
		<Unit filename="src/model/enemyInstance.c">
			<Option compilerVar="CC" />
		</Unit>
		<Unit filename="src/model/enemyInstance.h" />
		<Unit filename="src/model/fireBullet.c">
			<Option compilerVar="CC" />
		</Unit>
		<Unit filename="src/model/fireBullet.h" />
		<Unit filename="src/model/fireBulletInstance.c">
			<Option compilerVar="CC" />
		</Unit>
		<Unit filename="src/model/fireBulletInstance.h" />
		<Unit filename="src/model/game.c">
			<Option compilerVar="CC" />
		</Unit>
		<Unit filename="src/model/game.h" />
		<Unit filename="src/model/heroInstance.c">
			<Option compilerVar="CC" />
		</Unit>
		<Unit filename="src/model/heroInstance.h" />
		<Unit filename="src/model/heros.c">
			<Option compilerVar="CC" />
		</Unit>
		<Unit filename="src/model/heros.h" />
		<Unit filename="src/model/level.c">
			<Option compilerVar="CC" />
		</Unit>
		<Unit filename="src/model/level.h" />
		<Unit filename="src/model/levelIcon.c">
			<Option compilerVar="CC" />
		</Unit>
		<Unit filename="src/model/levelIcon.h" />
		<Unit filename="src/model/mrIceblockBehaviour.h" />
		<Unit filename="src/model/translation.c">
			<Option compilerVar="CC" />
		</Unit>
		<Unit filename="src/model/translation.h" />
		<Unit filename="src/pages/creditsPage.c">
			<Option compilerVar="CC" />
		</Unit>
		<Unit filename="src/pages/creditsPage.h" />
		<Unit filename="src/pages/gamePage.c">
			<Option compilerVar="CC" />
		</Unit>
		<Unit filename="src/pages/gamePage.h" />
		<Unit filename="src/pages/levelEditorPage.c">
			<Option compilerVar="CC" />
		</Unit>
		<Unit filename="src/pages/levelEditorPage.h" />
		<Unit filename="src/pages/levelSelectionPage.c">
			<Option compilerVar="CC" />
		</Unit>
		<Unit filename="src/pages/levelSelectionPage.h" />
		<Unit filename="src/pages/mainPage.c">
			<Option compilerVar="CC" />
		</Unit>
		<Unit filename="src/pages/mainPage.h" />
		<Unit filename="src/pages/quitPage.c">
			<Option compilerVar="CC" />
		</Unit>
		<Unit filename="src/pages/quitPage.h" />
		<Unit filename="src/pages/settingsPage.c">
			<Option compilerVar="CC" />
		</Unit>
		<Unit filename="src/pages/settingsPage.h" />
		<Unit filename="src/pages/sub_pages/break_page.c">
			<Option compilerVar="CC" />
		</Unit>
		<Unit filename="src/pages/sub_pages/break_page.h" />
		<Unit filename="src/pages/sub_pages/help_page.c">
			<Option compilerVar="CC" />
		</Unit>
		<Unit filename="src/pages/sub_pages/help_page.h" />
		<Unit filename="src/pages/textLayout.c">
			<Option compilerVar="CC" />
		</Unit>
		<Unit filename="src/pages/textLayout.h" />
		<Unit filename="src/utils/arrayProcessing.c">
			<Option compilerVar="CC" />
		</Unit>
		<Unit filename="src/utils/arrayProcessing.h" />
		<Unit filename="src/utils/loadImage.c">
			<Option compilerVar="CC" />
		</Unit>
		<Unit filename="src/utils/loadImage.h" />
		<Unit filename="src/utils/reporting.c">
			<Option compilerVar="CC" />
		</Unit>
		<Unit filename="src/utils/reporting.h" />
		<Extensions>
			<code_completion />
			<envvars />
			<debugger />
			<lib_finder disable_auto="1" />
		</Extensions>
	</Project>
</CodeBlocks_project_file>
